
Microsoft Visual Studio Solution File, Format Version 12.00
# Visual Studio Version 17
VisualStudioVersion = 17.5.33530.505
MinimumVisualStudioVersion = 10.0.40219.1
Project("{FAE04EC0-301F-11D3-BF4B-00C04F79EFBC}") = "HttpsCodeRequest", "HttpsCodeRequest\HttpsCodeRequest.csproj", "{7979C595-FA12-4146-A39D-D618AAFBD3BE}"
EndProject
Global
	GlobalSection(SolutionConfigurationPlatforms) = preSolution
		Debug|Any CPU = Debug|Any CPU
		Release|Any CPU = Release|Any CPU
	EndGlobalSection
	GlobalSection(ProjectConfigurationPlatforms) = postSolution
		{7979C595-FA12-4146-A39D-D618AAFBD3BE}.Debug|Any CPU.ActiveCfg = Debug|Any CPU
		{7979C595-FA12-4146-A39D-D618AAFBD3BE}.Debug|Any CPU.Build.0 = Debug|Any CPU
		{7979C595-FA12-4146-A39D-D618AAFBD3BE}.Release|Any CPU.ActiveCfg = Release|Any CPU
		{7979C595-FA12-4146-A39D-D618AAFBD3BE}.Release|Any CPU.Build.0 = Release|Any CPU
	EndGlobalSection
	GlobalSection(SolutionProperties) = preSolution
		HideSolutionNode = FALSE
	EndGlobalSection
	GlobalSection(ExtensibilityGlobals) = postSolution
		SolutionGuid = {CEB25B30-7B3E-4BB6-AC8B-841EEDC3C8A1}
	EndGlobalSection
EndGlobal
